// !$*UTF8*$!
{
	archiveVersion = 1;
	classes = {
	};
	objectVersion = 56;
	objects = {

/* Begin PBXBuildFile section */
		9A34B55D29FBC31E003DF259 /* AppDelegate.swift in Sources */ = {isa = PBXBuildFile; fileRef = 9A34B55C29FBC31E003DF259 /* AppDelegate.swift */; };
		9A34B55F29FBC31E003DF259 /* SceneDelegate.swift in Sources */ = {isa = PBXBuildFile; fileRef = 9A34B55E29FBC31E003DF259 /* SceneDelegate.swift */; };
		9A34B56129FBC31E003DF259 /* ViewController.swift in Sources */ = {isa = PBXBuildFile; fileRef = 9A34B56029FBC31E003DF259 /* ViewController.swift */; };
		9A34B56429FBC31E003DF259 /* Main.storyboard in Resources */ = {isa = PBXBuildFile; fileRef = 9A34B56229FBC31E003DF259 /* Main.storyboard */; };
		9A34B56629FBC31F003DF259 /* Assets.xcassets in Resources */ = {isa = PBXBuildFile; fileRef = 9A34B56529FBC31F003DF259 /* Assets.xcassets */; };
		9A34B56929FBC31F003DF259 /* LaunchScreen.storyboard in Resources */ = {isa = PBXBuildFile; fileRef = 9A34B56729FBC31F003DF259 /* LaunchScreen.storyboard */; };
		9A34B57429FBC320003DF259 /* ESCodecTests.swift in Sources */ = {isa = PBXBuildFile; fileRef = 9A34B57329FBC320003DF259 /* ESCodecTests.swift */; };
		9A34B57E29FBC320003DF259 /* ESCodecUITests.swift in Sources */ = {isa = PBXBuildFile; fileRef = 9A34B57D29FBC320003DF259 /* ESCodecUITests.swift */; };
		9A34B58029FBC320003DF259 /* ESCodecUITestsLaunchTests.swift in Sources */ = {isa = PBXBuildFile; fileRef = 9A34B57F29FBC320003DF259 /* ESCodecUITestsLaunchTests.swift */; };
		9A34B58E29FBC35E003DF259 /* ESCodec.swift in Sources */ = {isa = PBXBuildFile; fileRef = 9A34B58D29FBC35E003DF259 /* ESCodec.swift */; };
		9A34B59029FBCA03003DF259 /* User.swift in Sources */ = {isa = PBXBuildFile; fileRef = 9A34B58F29FBCA03003DF259 /* User.swift */; };
/* End PBXBuildFile section */

/* Begin PBXContainerItemProxy section */
		9A34B57029FBC320003DF259 /* PBXContainerItemProxy */ = {
			isa = PBXContainerItemProxy;
			containerPortal = 9A34B55129FBC31E003DF259 /* Project object */;
			proxyType = 1;
			remoteGlobalIDString = 9A34B55829FBC31E003DF259;
			remoteInfo = ESCodec;
		};
		9A34B57A29FBC320003DF259 /* PBXContainerItemProxy */ = {
			isa = PBXContainerItemProxy;
			containerPortal = 9A34B55129FBC31E003DF259 /* Project object */;
			proxyType = 1;
			remoteGlobalIDString = 9A34B55829FBC31E003DF259;
			remoteInfo = ESCodec;
		};
/* End PBXContainerItemProxy section */

/* Begin PBXFileReference section */
		9A34B55929FBC31E003DF259 /* ESCodec.app */ = {isa = PBXFileReference; explicitFileType = wrapper.application; includeInIndex = 0; path = ESCodec.app; sourceTree = BUILT_PRODUCTS_DIR; };
		9A34B55C29FBC31E003DF259 /* AppDelegate.swift */ = {isa = PBXFileReference; lastKnownFileType = sourcecode.swift; path = AppDelegate.swift; sourceTree = "<group>"; };
		9A34B55E29FBC31E003DF259 /* SceneDelegate.swift */ = {isa = PBXFileReference; lastKnownFileType = sourcecode.swift; path = SceneDelegate.swift; sourceTree = "<group>"; };
		9A34B56029FBC31E003DF259 /* ViewController.swift */ = {isa = PBXFileReference; lastKnownFileType = sourcecode.swift; path = ViewController.swift; sourceTree = "<group>"; };
		9A34B56329FBC31E003DF259 /* Base */ = {isa = PBXFileReference; lastKnownFileType = file.storyboard; name = Base; path = Base.lproj/Main.storyboard; sourceTree = "<group>"; };
		9A34B56529FBC31F003DF259 /* Assets.xcassets */ = {isa = PBXFileReference; lastKnownFileType = folder.assetcatalog; path = Assets.xcassets; sourceTree = "<group>"; };
		9A34B56829FBC31F003DF259 /* Base */ = {isa = PBXFileReference; lastKnownFileType = file.storyboard; name = Base; path = Base.lproj/LaunchScreen.storyboard; sourceTree = "<group>"; };
		9A34B56A29FBC31F003DF259 /* Info.plist */ = {isa = PBXFileReference; lastKnownFileType = text.plist.xml; path = Info.plist; sourceTree = "<group>"; };
		9A34B56F29FBC320003DF259 /* ESCodecTests.xctest */ = {isa = PBXFileReference; explicitFileType = wrapper.cfbundle; includeInIndex = 0; path = ESCodecTests.xctest; sourceTree = BUILT_PRODUCTS_DIR; };
		9A34B57329FBC320003DF259 /* ESCodecTests.swift */ = {isa = PBXFileReference; lastKnownFileType = sourcecode.swift; path = ESCodecTests.swift; sourceTree = "<group>"; };
		9A34B57929FBC320003DF259 /* ESCodecUITests.xctest */ = {isa = PBXFileReference; explicitFileType = wrapper.cfbundle; includeInIndex = 0; path = ESCodecUITests.xctest; sourceTree = BUILT_PRODUCTS_DIR; };
		9A34B57D29FBC320003DF259 /* ESCodecUITests.swift */ = {isa = PBXFileReference; lastKnownFileType = sourcecode.swift; path = ESCodecUITests.swift; sourceTree = "<group>"; };
		9A34B57F29FBC320003DF259 /* ESCodecUITestsLaunchTests.swift */ = {isa = PBXFileReference; lastKnownFileType = sourcecode.swift; path = ESCodecUITestsLaunchTests.swift; sourceTree = "<group>"; };
		9A34B58D29FBC35E003DF259 /* ESCodec.swift */ = {isa = PBXFileReference; lastKnownFileType = sourcecode.swift; path = ESCodec.swift; sourceTree = "<group>"; };
		9A34B58F29FBCA03003DF259 /* User.swift */ = {isa = PBXFileReference; lastKnownFileType = sourcecode.swift; path = User.swift; sourceTree = "<group>"; };
/* End PBXFileReference section */

/* Begin PBXFrameworksBuildPhase section */
		9A34B55629FBC31E003DF259 /* Frameworks */ = {
			isa = PBXFrameworksBuildPhase;
			buildActionMask = 2147483647;
			files = (
			);
			runOnlyForDeploymentPostprocessing = 0;
		};
		9A34B56C29FBC320003DF259 /* Frameworks */ = {
			isa = PBXFrameworksBuildPhase;
			buildActionMask = 2147483647;
			files = (
			);
			runOnlyForDeploymentPostprocessing = 0;
		};
		9A34B57629FBC320003DF259 /* Frameworks */ = {
			isa = PBXFrameworksBuildPhase;
			buildActionMask = 2147483647;
			files = (
			);
			runOnlyForDeploymentPostprocessing = 0;
		};
/* End PBXFrameworksBuildPhase section */

/* Begin PBXGroup section */
		9A34B55029FBC31E003DF259 = {
			isa = PBXGroup;
			children = (
				9A34B55B29FBC31E003DF259 /* ESCodec */,
				9A34B57229FBC320003DF259 /* ESCodecTests */,
				9A34B57C29FBC320003DF259 /* ESCodecUITests */,
				9A34B55A29FBC31E003DF259 /* Products */,
			);
			sourceTree = "<group>";
		};
		9A34B55A29FBC31E003DF259 /* Products */ = {
			isa = PBXGroup;
			children = (
				9A34B55929FBC31E003DF259 /* ESCodec.app */,
				9A34B56F29FBC320003DF259 /* ESCodecTests.xctest */,
				9A34B57929FBC320003DF259 /* ESCodecUITests.xctest */,
			);
			name = Products;
			sourceTree = "<group>";
		};
		9A34B55B29FBC31E003DF259 /* ESCodec */ = {
			isa = PBXGroup;
			children = (
				9A34B55C29FBC31E003DF259 /* AppDelegate.swift */,
				9A34B55E29FBC31E003DF259 /* SceneDelegate.swift */,
				9A34B56029FBC31E003DF259 /* ViewController.swift */,
				9A34B58F29FBCA03003DF259 /* User.swift */,
				9A34B58C29FBC348003DF259 /* Core */,
				9A34B56229FBC31E003DF259 /* Main.storyboard */,
				9A34B56529FBC31F003DF259 /* Assets.xcassets */,
				9A34B56729FBC31F003DF259 /* LaunchScreen.storyboard */,
				9A34B56A29FBC31F003DF259 /* Info.plist */,
			);
			path = ESCodec;
			sourceTree = "<group>";
		};
		9A34B57229FBC320003DF259 /* ESCodecTests */ = {
			isa = PBXGroup;
			children = (
				9A34B57329FBC320003DF259 /* ESCodecTests.swift */,
			);
			path = ESCodecTests;
			sourceTree = "<group>";
		};
		9A34B57C29FBC320003DF259 /* ESCodecUITests */ = {
			isa = PBXGroup;
			children = (
				9A34B57D29FBC320003DF259 /* ESCodecUITests.swift */,
				9A34B57F29FBC320003DF259 /* ESCodecUITestsLaunchTests.swift */,
			);
			path = ESCodecUITests;
			sourceTree = "<group>";
		};
		9A34B58C29FBC348003DF259 /* Core */ = {
			isa = PBXGroup;
			children = (
				9A34B58D29FBC35E003DF259 /* ESCodec.swift */,
			);
			path = Core;
			sourceTree = "<group>";
		};
/* End PBXGroup section */

/* Begin PBXNativeTarget section */
		9A34B55829FBC31E003DF259 /* ESCodec */ = {
			isa = PBXNativeTarget;
			buildConfigurationList = 9A34B58329FBC320003DF259 /* Build configuration list for PBXNativeTarget "ESCodec" */;
			buildPhases = (
				9A34B55529FBC31E003DF259 /* Sources */,
				9A34B55629FBC31E003DF259 /* Frameworks */,
				9A34B55729FBC31E003DF259 /* Resources */,
			);
			buildRules = (
			);
			dependencies = (
			);
			name = ESCodec;
			productName = ESCodec;
			productReference = 9A34B55929FBC31E003DF259 /* ESCodec.app */;
			productType = "com.apple.product-type.application";
		};
		9A34B56E29FBC320003DF259 /* ESCodecTests */ = {
			isa = PBXNativeTarget;
			buildConfigurationList = 9A34B58629FBC320003DF259 /* Build configuration list for PBXNativeTarget "ESCodecTests" */;
			buildPhases = (
				9A34B56B29FBC320003DF259 /* Sources */,
				9A34B56C29FBC320003DF259 /* Frameworks */,
				9A34B56D29FBC320003DF259 /* Resources */,
			);
			buildRules = (
			);
			dependencies = (
				9A34B57129FBC320003DF259 /* PBXTargetDependency */,
			);
			name = ESCodecTests;
			productName = ESCodecTests;
			productReference = 9A34B56F29FBC320003DF259 /* ESCodecTests.xctest */;
			productType = "com.apple.product-type.bundle.unit-test";
		};
		9A34B57829FBC320003DF259 /* ESCodecUITests */ = {
			isa = PBXNativeTarget;
			buildConfigurationList = 9A34B58929FBC320003DF259 /* Build configuration list for PBXNativeTarget "ESCodecUITests" */;
			buildPhases = (
				9A34B57529FBC320003DF259 /* Sources */,
				9A34B57629FBC320003DF259 /* Frameworks */,
				9A34B57729FBC320003DF259 /* Resources */,
			);
			buildRules = (
			);
			dependencies = (
				9A34B57B29FBC320003DF259 /* PBXTargetDependency */,
			);
			name = ESCodecUITests;
			productName = ESCodecUITests;
			productReference = 9A34B57929FBC320003DF259 /* ESCodecUITests.xctest */;
			productType = "com.apple.product-type.bundle.ui-testing";
		};
/* End PBXNativeTarget section */

/* Begin PBXProject section */
		9A34B55129FBC31E003DF259 /* Project object */ = {
			isa = PBXProject;
			attributes = {
				BuildIndependentTargetsInParallel = 1;
				LastSwiftUpdateCheck = 1420;
				LastUpgradeCheck = 1420;
				TargetAttributes = {
					9A34B55829FBC31E003DF259 = {
						CreatedOnToolsVersion = 14.2;
					};
					9A34B56E29FBC320003DF259 = {
						CreatedOnToolsVersion = 14.2;
						TestTargetID = 9A34B55829FBC31E003DF259;
					};
					9A34B57829FBC320003DF259 = {
						CreatedOnToolsVersion = 14.2;
						TestTargetID = 9A34B55829FBC31E003DF259;
					};
				};
			};
			buildConfigurationList = 9A34B55429FBC31E003DF259 /* Build configuration list for PBXProject "ESCodec" */;
			compatibilityVersion = "Xcode 14.0";
			developmentRegion = en;
			hasScannedForEncodings = 0;
			knownRegions = (
				en,
				Base,
			);
			mainGroup = 9A34B55029FBC31E003DF259;
			productRefGroup = 9A34B55A29FBC31E003DF259 /* Products */;
			projectDirPath = "";
			projectRoot = "";
			targets = (
				9A34B55829FBC31E003DF259 /* ESCodec */,
				9A34B56E29FBC320003DF259 /* ESCodecTests */,
				9A34B57829FBC320003DF259 /* ESCodecUITests */,
			);
		};
/* End PBXProject section */

/* Begin PBXResourcesBuildPhase section */
		9A34B55729FBC31E003DF259 /* Resources */ = {
			isa = PBXResourcesBuildPhase;
			buildActionMask = 2147483647;
			files = (
				9A34B56929FBC31F003DF259 /* LaunchScreen.storyboard in Resources */,
				9A34B56629FBC31F003DF259 /* Assets.xcassets in Resources */,
				9A34B56429FBC31E003DF259 /* Main.storyboard in Resources */,
			);
			runOnlyForDeploymentPostprocessing = 0;
		};
		9A34B56D29FBC320003DF259 /* Resources */ = {
			isa = PBXResourcesBuildPhase;
			buildActionMask = 2147483647;
			files = (
			);
			runOnlyForDeploymentPostprocessing = 0;
		};
		9A34B57729FBC320003DF259 /* Resources */ = {
			isa = PBXResourcesBuildPhase;
			buildActionMask = 2147483647;
			files = (
			);
			runOnlyForDeploymentPostprocessing = 0;
		};
/* End PBXResourcesBuildPhase section */

/* Begin PBXSourcesBuildPhase section */
		9A34B55529FBC31E003DF259 /* Sources */ = {
			isa = PBXSourcesBuildPhase;
			buildActionMask = 2147483647;
			files = (
				9A34B56129FBC31E003DF259 /* ViewController.swift in Sources */,
				9A34B55D29FBC31E003DF259 /* AppDelegate.swift in Sources */,
				9A34B58E29FBC35E003DF259 /* ESCodec.swift in Sources */,
				9A34B59029FBCA03003DF259 /* User.swift in Sources */,
				9A34B55F29FBC31E003DF259 /* SceneDelegate.swift in Sources */,
			);
			runOnlyForDeploymentPostprocessing = 0;
		};
		9A34B56B29FBC320003DF259 /* Sources */ = {
			isa = PBXSourcesBuildPhase;
			buildActionMask = 2147483647;
			files = (
				9A34B57429FBC320003DF259 /* ESCodecTests.swift in Sources */,
			);
			runOnlyForDeploymentPostprocessing = 0;
		};
		9A34B57529FBC320003DF259 /* Sources */ = {
			isa = PBXSourcesBuildPhase;
			buildActionMask = 2147483647;
			files = (
				9A34B57E29FBC320003DF259 /* ESCodecUITests.swift in Sources */,
				9A34B58029FBC320003DF259 /* ESCodecUITestsLaunchTests.swift in Sources */,
			);
			runOnlyForDeploymentPostprocessing = 0;
		};
/* End PBXSourcesBuildPhase section */

/* Begin PBXTargetDependency section */
		9A34B57129FBC320003DF259 /* PBXTargetDependency */ = {
			isa = PBXTargetDependency;
			target = 9A34B55829FBC31E003DF259 /* ESCodec */;
			targetProxy = 9A34B57029FBC320003DF259 /* PBXContainerItemProxy */;
		};
		9A34B57B29FBC320003DF259 /* PBXTargetDependency */ = {
			isa = PBXTargetDependency;
			target = 9A34B55829FBC31E003DF259 /* ESCodec */;
			targetProxy = 9A34B57A29FBC320003DF259 /* PBXContainerItemProxy */;
		};
/* End PBXTargetDependency section */

/* Begin PBXVariantGroup section */
		9A34B56229FBC31E003DF259 /* Main.storyboard */ = {
			isa = PBXVariantGroup;
			children = (
				9A34B56329FBC31E003DF259 /* Base */,
			);
			name = Main.storyboard;
			sourceTree = "<group>";
		};
		9A34B56729FBC31F003DF259 /* LaunchScreen.storyboard */ = {
			isa = PBXVariantGroup;
			children = (
				9A34B56829FBC31F003DF259 /* Base */,
			);
			name = LaunchScreen.storyboard;
			sourceTree = "<group>";
		};
/* End PBXVariantGroup section */

/* Begin XCBuildConfiguration section */
		9A34B58129FBC320003DF259 /* Debug */ = {
			isa = XCBuildConfiguration;
			buildSettings = {
				ALWAYS_SEARCH_USER_PATHS = NO;
				CLANG_ANALYZER_NONNULL = YES;
				CLANG_ANALYZER_NUMBER_OBJECT_CONVERSION = YES_AGGRESSIVE;
				CLANG_CXX_LANGUAGE_STANDARD = "gnu++20";
				CLANG_ENABLE_MODULES = YES;
				CLANG_ENABLE_OBJC_ARC = YES;
				CLANG_ENABLE_OBJC_WEAK = YES;
				CLANG_WARN_BLOCK_CAPTURE_AUTORELEASING = YES;
				CLANG_WARN_BOOL_CONVERSION = YES;
				CLANG_WARN_COMMA = YES;
				CLANG_WARN_CONSTANT_CONVERSION = YES;
				CLANG_WARN_DEPRECATED_OBJC_IMPLEMENTATIONS = YES;
				CLANG_WARN_DIRECT_OBJC_ISA_USAGE = YES_ERROR;
				CLANG_WARN_DOCUMENTATION_COMMENTS = YES;
				CLANG_WARN_EMPTY_BODY = YES;
				CLANG_WARN_ENUM_CONVERSION = YES;
				CLANG_WARN_INFINITE_RECURSION = YES;
				CLANG_WARN_INT_CONVERSION = YES;
				CLANG_WARN_NON_LITERAL_NULL_CONVERSION = YES;
				CLANG_WARN_OBJC_IMPLICIT_RETAIN_SELF = YES;
				CLANG_WARN_OBJC_LITERAL_CONVERSION = YES;
				CLANG_WARN_OBJC_ROOT_CLASS = YES_ERROR;
				CLANG_WARN_QUOTED_INCLUDE_IN_FRAMEWORK_HEADER = YES;
				CLANG_WARN_RANGE_LOOP_ANALYSIS = YES;
				CLANG_WARN_STRICT_PROTOTYPES = YES;
				CLANG_WARN_SUSPICIOUS_MOVE = YES;
				CLANG_WARN_UNGUARDED_AVAILABILITY = YES_AGGRESSIVE;
				CLANG_WARN_UNREACHABLE_CODE = YES;
				CLANG_WARN__DUPLICATE_METHOD_MATCH = YES;
				COPY_PHASE_STRIP = NO;
				DEBUG_INFORMATION_FORMAT = dwarf;
				ENABLE_STRICT_OBJC_MSGSEND = YES;
				ENABLE_TESTABILITY = YES;
				GCC_C_LANGUAGE_STANDARD = gnu11;
				GCC_DYNAMIC_NO_PIC = NO;
				GCC_NO_COMMON_BLOCKS = YES;
				GCC_OPTIMIZATION_LEVEL = 0;
				GCC_PREPROCESSOR_DEFINITIONS = (
					"DEBUG=1",
					"$(inherited)",
				);
				GCC_WARN_64_TO_32_BIT_CONVERSION = YES;
				GCC_WARN_ABOUT_RETURN_TYPE = YES_ERROR;
				GCC_WARN_UNDECLARED_SELECTOR = YES;
				GCC_WARN_UNINITIALIZED_AUTOS = YES_AGGRESSIVE;
				GCC_WARN_UNUSED_FUNCTION = YES;
				GCC_WARN_UNUSED_VARIABLE = YES;
				IPHONEOS_DEPLOYMENT_TARGET = 16.2;
				MTL_ENABLE_DEBUG_INFO = INCLUDE_SOURCE;
				MTL_FAST_MATH = YES;
				ONLY_ACTIVE_ARCH = YES;
				SDKROOT = iphoneos;
				SWIFT_ACTIVE_COMPILATION_CONDITIONS = DEBUG;
				SWIFT_OPTIMIZATION_LEVEL = "-Onone";
			};
			name = Debug;
		};
		9A34B58229FBC320003DF259 /* Release */ = {
			isa = XCBuildConfiguration;
			buildSettings = {
				ALWAYS_SEARCH_USER_PATHS = NO;
				CLANG_ANALYZER_NONNULL = YES;
				CLANG_ANALYZER_NUMBER_OBJECT_CONVERSION = YES_AGGRESSIVE;
				CLANG_CXX_LANGUAGE_STANDARD = "gnu++20";
				CLANG_ENABLE_MODULES = YES;
				CLANG_ENABLE_OBJC_ARC = YES;
				CLANG_ENABLE_OBJC_WEAK = YES;
				CLANG_WARN_BLOCK_CAPTURE_AUTORELEASING = YES;
				CLANG_WARN_BOOL_CONVERSION = YES;
				CLANG_WARN_COMMA = YES;
				CLANG_WARN_CONSTANT_CONVERSION = YES;
				CLANG_WARN_DEPRECATED_OBJC_IMPLEMENTATIONS = YES;
				CLANG_WARN_DIRECT_OBJC_ISA_USAGE = YES_ERROR;
				CLANG_WARN_DOCUMENTATION_COMMENTS = YES;
				CLANG_WARN_EMPTY_BODY = YES;
				CLANG_WARN_ENUM_CONVERSION = YES;
				CLANG_WARN_INFINITE_RECURSION = YES;
				CLANG_WARN_INT_CONVERSION = YES;
				CLANG_WARN_NON_LITERAL_NULL_CONVERSION = YES;
				CLANG_WARN_OBJC_IMPLICIT_RETAIN_SELF = YES;
				CLANG_WARN_OBJC_LITERAL_CONVERSION = YES;
				CLANG_WARN_OBJC_ROOT_CLASS = YES_ERROR;
				CLANG_WARN_QUOTED_INCLUDE_IN_FRAMEWORK_HEADER = YES;
				CLANG_WARN_RANGE_LOOP_ANALYSIS = YES;
				CLANG_WARN_STRICT_PROTOTYPES = YES;
				CLANG_WARN_SUSPICIOUS_MOVE = YES;
				CLANG_WARN_UNGUARDED_AVAILABILITY = YES_AGGRESSIVE;
				CLANG_WARN_UNREACHABLE_CODE = YES;
				CLANG_WARN__DUPLICATE_METHOD_MATCH = YES;
				COPY_PHASE_STRIP = NO;
				DEBUG_INFORMATION_FORMAT = "dwarf-with-dsym";
				ENABLE_NS_ASSERTIONS = NO;
				ENABLE_STRICT_OBJC_MSGSEND = YES;
				GCC_C_LANGUAGE_STANDARD = gnu11;
				GCC_NO_COMMON_BLOCKS = YES;
				GCC_WARN_64_TO_32_BIT_CONVERSION = YES;
				GCC_WARN_ABOUT_RETURN_TYPE = YES_ERROR;
				GCC_WARN_UNDECLARED_SELECTOR = YES;
				GCC_WARN_UNINITIALIZED_AUTOS = YES_AGGRESSIVE;
				GCC_WARN_UNUSED_FUNCTION = YES;
				GCC_WARN_UNUSED_VARIABLE = YES;
				IPHONEOS_DEPLOYMENT_TARGET = 16.2;
				MTL_ENABLE_DEBUG_INFO = NO;
				MTL_FAST_MATH = YES;
				SDKROOT = iphoneos;
				SWIFT_COMPILATION_MODE = wholemodule;
				SWIFT_OPTIMIZATION_LEVEL = "-O";
				VALIDATE_PRODUCT = YES;
			};
			name = Release;
		};
		9A34B58429FBC320003DF259 /* Debug */ = {
			isa = XCBuildConfiguration;
			buildSettings = {
				ASSETCATALOG_COMPILER_APPICON_NAME = AppIcon;
				ASSETCATALOG_COMPILER_GLOBAL_ACCENT_COLOR_NAME = AccentColor;
				CODE_SIGN_STYLE = Automatic;
				CURRENT_PROJECT_VERSION = 1;
				DEVELOPMENT_TEAM = M69DRNUMV4;
				GENERATE_INFOPLIST_FILE = YES;
				INFOPLIST_FILE = ESCodec/Info.plist;
				INFOPLIST_KEY_UIApplicationSupportsIndirectInputEvents = YES;
				INFOPLIST_KEY_UILaunchStoryboardName = LaunchScreen;
				INFOPLIST_KEY_UIMainStoryboardFile = Main;
				INFOPLIST_KEY_UISupportedInterfaceOrientations_iPad = "UIInterfaceOrientationPortrait UIInterfaceOrientationPortraitUpsideDown UIInterfaceOrientationLandscapeLeft UIInterfaceOrientationLandscapeRight";
				INFOPLIST_KEY_UISupportedInterfaceOrientations_iPhone = "UIInterfaceOrientationPortrait UIInterfaceOrientationLandscapeLeft UIInterfaceOrientationLandscapeRight";
				LD_RUNPATH_SEARCH_PATHS = (
					"$(inherited)",
					"@executable_path/Frameworks",
				);
				MARKETING_VERSION = 1.0;
				PRODUCT_BUNDLE_IDENTIFIER = com.haihuman.sdktest.ESCodec;
				PRODUCT_NAME = "$(TARGET_NAME)";
				SWIFT_EMIT_LOC_STRINGS = YES;
				SWIFT_VERSION = 5.0;
				TARGETED_DEVICE_FAMILY = "1,2";
			};
			name = Debug;
		};
		9A34B58529FBC320003DF259 /* Release */ = {
			isa = XCBuildConfiguration;
			buildSettings = {
				ASSETCATALOG_COMPILER_APPICON_NAME = AppIcon;
				ASSETCATALOG_COMPILER_GLOBAL_ACCENT_COLOR_NAME = AccentColor;
				CODE_SIGN_STYLE = Automatic;
				CURRENT_PROJECT_VERSION = 1;
				DEVELOPMENT_TEAM = M69DRNUMV4;
				GENERATE_INFOPLIST_FILE = YES;
				INFOPLIST_FILE = ESCodec/Info.plist;
				INFOPLIST_KEY_UIApplicationSupportsIndirectInputEvents = YES;
				INFOPLIST_KEY_UILaunchStoryboardName = LaunchScreen;
				INFOPLIST_KEY_UIMainStoryboardFile = Main;
				INFOPLIST_KEY_UISupportedInterfaceOrientations_iPad = "UIInterfaceOrientationPortrait UIInterfaceOrientationPortraitUpsideDown UIInterfaceOrientationLandscapeLeft UIInterfaceOrientationLandscapeRight";
				INFOPLIST_KEY_UISupportedInterfaceOrientations_iPhone = "UIInterfaceOrientationPortrait UIInterfaceOrientationLandscapeLeft UIInterfaceOrientationLandscapeRight";
				LD_RUNPATH_SEARCH_PATHS = (
					"$(inherited)",
					"@executable_path/Frameworks",
				);
				MARKETING_VERSION = 1.0;
				PRODUCT_BUNDLE_IDENTIFIER = com.haihuman.sdktest.ESCodec;
				PRODUCT_NAME = "$(TARGET_NAME)";
				SWIFT_EMIT_LOC_STRINGS = YES;
				SWIFT_VERSION = 5.0;
				TARGETED_DEVICE_FAMILY = "1,2";
			};
			name = Release;
		};
		9A34B58729FBC320003DF259 /* Debug */ = {
			isa = XCBuildConfiguration;
			buildSettings = {
				ALWAYS_EMBED_SWIFT_STANDARD_LIBRARIES = YES;
				BUNDLE_LOADER = "$(TEST_HOST)";
				CODE_SIGN_STYLE = Automatic;
				CURRENT_PROJECT_VERSION = 1;
				DEVELOPMENT_TEAM = M69DRNUMV4;
				GENERATE_INFOPLIST_FILE = YES;
				IPHONEOS_DEPLOYMENT_TARGET = 16.2;
				MARKETING_VERSION = 1.0;
				PRODUCT_BUNDLE_IDENTIFIER = com.haihuman.sdktest.ESCodecTests;
				PRODUCT_NAME = "$(TARGET_NAME)";
				SWIFT_EMIT_LOC_STRINGS = NO;
				SWIFT_VERSION = 5.0;
				TARGETED_DEVICE_FAMILY = "1,2";
				TEST_HOST = "$(BUILT_PRODUCTS_DIR)/ESCodec.app/$(BUNDLE_EXECUTABLE_FOLDER_PATH)/ESCodec";
			};
			name = Debug;
		};
		9A34B58829FBC320003DF259 /* Release */ = {
			isa = XCBuildConfiguration;
			buildSettings = {
				ALWAYS_EMBED_SWIFT_STANDARD_LIBRARIES = YES;
				BUNDLE_LOADER = "$(TEST_HOST)";
				CODE_SIGN_STYLE = Automatic;
				CURRENT_PROJECT_VERSION = 1;
				DEVELOPMENT_TEAM = M69DRNUMV4;
				GENERATE_INFOPLIST_FILE = YES;
				IPHONEOS_DEPLOYMENT_TARGET = 16.2;
				MARKETING_VERSION = 1.0;
				PRODUCT_BUNDLE_IDENTIFIER = com.haihuman.sdktest.ESCodecTests;
				PRODUCT_NAME = "$(TARGET_NAME)";
				SWIFT_EMIT_LOC_STRINGS = NO;
				SWIFT_VERSION = 5.0;
				TARGETED_DEVICE_FAMILY = "1,2";
				TEST_HOST = "$(BUILT_PRODUCTS_DIR)/ESCodec.app/$(BUNDLE_EXECUTABLE_FOLDER_PATH)/ESCodec";
			};
			name = Release;
		};
		9A34B58A29FBC320003DF259 /* Debug */ = {
			isa = XCBuildConfiguration;
			buildSettings = {
				ALWAYS_EMBED_SWIFT_STANDARD_LIBRARIES = YES;
				CODE_SIGN_STYLE = Automatic;
				CURRENT_PROJECT_VERSION = 1;
				DEVELOPMENT_TEAM = M69DRNUMV4;
				GENERATE_INFOPLIST_FILE = YES;
				MARKETING_VERSION = 1.0;
				PRODUCT_BUNDLE_IDENTIFIER = com.haihuman.sdktest.ESCodecUITests;
				PRODUCT_NAME = "$(TARGET_NAME)";
				SWIFT_EMIT_LOC_STRINGS = NO;
				SWIFT_VERSION = 5.0;
				TARGETED_DEVICE_FAMILY = "1,2";
				TEST_TARGET_NAME = ESCodec;
			};
			name = Debug;
		};
		9A34B58B29FBC320003DF259 /* Release */ = {
			isa = XCBuildConfiguration;
			buildSettings = {
				ALWAYS_EMBED_SWIFT_STANDARD_LIBRARIES = YES;
				CODE_SIGN_STYLE = Automatic;
				CURRENT_PROJECT_VERSION = 1;
				DEVELOPMENT_TEAM = M69DRNUMV4;
				GENERATE_INFOPLIST_FILE = YES;
				MARKETING_VERSION = 1.0;
				PRODUCT_BUNDLE_IDENTIFIER = com.haihuman.sdktest.ESCodecUITests;
				PRODUCT_NAME = "$(TARGET_NAME)";
				SWIFT_EMIT_LOC_STRINGS = NO;
				SWIFT_VERSION = 5.0;
				TARGETED_DEVICE_FAMILY = "1,2";
				TEST_TARGET_NAME = ESCodec;
			};
			name = Release;
		};
/* End XCBuildConfiguration section */

/* Begin XCConfigurationList section */
		9A34B55429FBC31E003DF259 /* Build configuration list for PBXProject "ESCodec" */ = {
			isa = XCConfigurationList;
			buildConfigurations = (
				9A34B58129FBC320003DF259 /* Debug */,
				9A34B58229FBC320003DF259 /* Release */,
			);
			defaultConfigurationIsVisible = 0;
			defaultConfigurationName = Release;
		};
		9A34B58329FBC320003DF259 /* Build configuration list for PBXNativeTarget "ESCodec" */ = {
			isa = XCConfigurationList;
			buildConfigurations = (
				9A34B58429FBC320003DF259 /* Debug */,
				9A34B58529FBC320003DF259 /* Release */,
			);
			defaultConfigurationIsVisible = 0;
			defaultConfigurationName = Release;
		};
		9A34B58629FBC320003DF259 /* Build configuration list for PBXNativeTarget "ESCodecTests" */ = {
			isa = XCConfigurationList;
			buildConfigurations = (
				9A34B58729FBC320003DF259 /* Debug */,
				9A34B58829FBC320003DF259 /* Release */,
			);
			defaultConfigurationIsVisible = 0;
			defaultConfigurationName = Release;
		};
		9A34B58929FBC320003DF259 /* Build configuration list for PBXNativeTarget "ESCodecUITests" */ = {
			isa = XCConfigurationList;
			buildConfigurations = (
				9A34B58A29FBC320003DF259 /* Debug */,
				9A34B58B29FBC320003DF259 /* Release */,
			);
			defaultConfigurationIsVisible = 0;
			defaultConfigurationName = Release;
		};
/* End XCConfigurationList section */
	};
	rootObject = 9A34B55129FBC31E003DF259 /* Project object */;
}
